
Microsoft Visual Studio Solution File, Format Version 12.00
# Visual Studio Version 17
VisualStudioVersion = 17.1.32421.90
MinimumVisualStudioVersion = 10.0.40219.1
Project("{9A19103F-16F7-4668-BE54-9A1E7A4F7556}") = "GigaChad-DiscordRPC", "GigaChad-DiscordRPC.csproj", "{76BAA23B-B58F-4B62-BAAA-20E903FB8FE6}"
EndProject
Global
	GlobalSection(SolutionConfigurationPlatforms) = preSolution
		Debug|Any CPU = Debug|Any CPU
		Release|Any CPU = Release|Any CPU
	EndGlobalSection
	GlobalSection(ProjectConfigurationPlatforms) = postSolution
		{76BAA23B-B58F-4B62-BAAA-20E903FB8FE6}.Debug|Any CPU.ActiveCfg = Debug|Any CPU
		{76BAA23B-B58F-4B62-BAAA-20E903FB8FE6}.Debug|Any CPU.Build.0 = Debug|Any CPU
		{76BAA23B-B58F-4B62-BAAA-20E903FB8FE6}.Release|Any CPU.ActiveCfg = Release|Any CPU
		{76BAA23B-B58F-4B62-BAAA-20E903FB8FE6}.Release|Any CPU.Build.0 = Release|Any CPU
	EndGlobalSection
	GlobalSection(SolutionProperties) = preSolution
		HideSolutionNode = FALSE
	EndGlobalSection
	GlobalSection(ExtensibilityGlobals) = postSolution
		SolutionGuid = {FF0B39C4-83E9-4D56-A92D-7B59BE63D907}
	EndGlobalSection
EndGlobal
